// !$*UTF8*$!
{
	archiveVersion = 1;
	classes = {
	};
	objectVersion = 77;
	objects = {

/* Begin PBXBuildFile section */
		563E1A352D0D6F87003DED56 /* GoogleMobileAds in Frameworks */ = {isa = PBXBuildFile; productRef = 563E1A342D0D6F87003DED56 /* GoogleMobileAds */; };
		565082842CA8179A009D9417 /* SwinjectAutoregistration in Frameworks */ = {isa = PBXBuildFile; productRef = 565082832CA8179A009D9417 /* SwinjectAutoregistration */; };
		569088452CBA38AB00BFADCF /* FirebaseAnalytics in Frameworks */ = {isa = PBXBuildFile; productRef = 569088442CBA38AB00BFADCF /* FirebaseAnalytics */; };
		569088472CBA38AB00BFADCF /* FirebaseAuth in Frameworks */ = {isa = PBXBuildFile; productRef = 569088462CBA38AB00BFADCF /* FirebaseAuth */; };
		569088492CBA38AB00BFADCF /* FirebaseFirestore in Frameworks */ = {isa = PBXBuildFile; productRef = 569088482CBA38AB00BFADCF /* FirebaseFirestore */; };
		5690884B2CBA38AB00BFADCF /* FirebaseStorage in Frameworks */ = {isa = PBXBuildFile; productRef = 5690884A2CBA38AB00BFADCF /* FirebaseStorage */; };
		5690884D2CBA3B3000BFADCF /* FirebaseCore in Frameworks */ = {isa = PBXBuildFile; productRef = 5690884C2CBA3B3000BFADCF /* FirebaseCore */; };
		569088832CBBC70000BFADCF /* Kingfisher in Frameworks */ = {isa = PBXBuildFile; productRef = 569088822CBBC70000BFADCF /* Kingfisher */; };
		569088C02CBF9A3E00BFADCF /* MarkdownUI in Frameworks */ = {isa = PBXBuildFile; productRef = 569088BF2CBF9A3E00BFADCF /* MarkdownUI */; };
		569088C32CBF9B5800BFADCF /* YPImagePicker in Frameworks */ = {isa = PBXBuildFile; productRef = 569088C22CBF9B5800BFADCF /* YPImagePicker */; };
		5690C4982CAE0F8700A389F4 /* SwiftUIFlowLayout in Frameworks */ = {isa = PBXBuildFile; productRef = 5690C4972CAE0F8700A389F4 /* SwiftUIFlowLayout */; };
		5690C6F52CB3C60200A389F4 /* Screenshots.xctestplan in Resources */ = {isa = PBXBuildFile; fileRef = 5690C6F42CB3C60200A389F4 /* Screenshots.xctestplan */; };
		5690C6F72CB3C83000A389F4 /* Comprehensive.xctestplan in Resources */ = {isa = PBXBuildFile; fileRef = 5690C6F62CB3C83000A389F4 /* Comprehensive.xctestplan */; };
/* End PBXBuildFile section */

/* Begin PBXContainerItemProxy section */
		5673DA202CA7FA5A007833E0 /* PBXContainerItemProxy */ = {
			isa = PBXContainerItemProxy;
			containerPortal = 5673DA072CA7FA58007833E0 /* Project object */;
			proxyType = 1;
			remoteGlobalIDString = 5673DA0E2CA7FA58007833E0;
			remoteInfo = "Bold Budget";
		};
		5673DA2A2CA7FA5A007833E0 /* PBXContainerItemProxy */ = {
			isa = PBXContainerItemProxy;
			containerPortal = 5673DA072CA7FA58007833E0 /* Project object */;
			proxyType = 1;
			remoteGlobalIDString = 5673DA0E2CA7FA58007833E0;
			remoteInfo = "Bold Budget";
		};
/* End PBXContainerItemProxy section */

/* Begin PBXFileReference section */
		5673DA0F2CA7FA58007833E0 /* Bold Budget.app */ = {isa = PBXFileReference; explicitFileType = wrapper.application; includeInIndex = 0; path = "Bold Budget.app"; sourceTree = BUILT_PRODUCTS_DIR; };
		5673DA1F2CA7FA5A007833E0 /* Bold BudgetTests.xctest */ = {isa = PBXFileReference; explicitFileType = wrapper.cfbundle; includeInIndex = 0; path = "Bold BudgetTests.xctest"; sourceTree = BUILT_PRODUCTS_DIR; };
		5673DA292CA7FA5A007833E0 /* Bold BudgetUITests.xctest */ = {isa = PBXFileReference; explicitFileType = wrapper.cfbundle; includeInIndex = 0; path = "Bold BudgetUITests.xctest"; sourceTree = BUILT_PRODUCTS_DIR; };
		5690C6F42CB3C60200A389F4 /* Screenshots.xctestplan */ = {isa = PBXFileReference; lastKnownFileType = text; path = Screenshots.xctestplan; sourceTree = "<group>"; };
		5690C6F62CB3C83000A389F4 /* Comprehensive.xctestplan */ = {isa = PBXFileReference; lastKnownFileType = text; path = Comprehensive.xctestplan; sourceTree = "<group>"; };
/* End PBXFileReference section */

/* Begin PBXFileSystemSynchronizedBuildFileExceptionSet section */
		5673DAAE2CA8069B007833E0 /* Exceptions for "Bold Budget" folder in "Bold BudgetTests" target */ = {
			isa = PBXFileSystemSynchronizedBuildFileExceptionSet;
			membershipExceptions = (
				DependenceyInjection/IocContainer.swift,
				Domain/Money.swift,
				Domain/SimpleDate.swift,
				Domain/Transaction/Transaction.swift,
				Domain/Transaction/TransactionLocation.swift,
				Domain/Transaction/TransactionTag.swift,
				Domain/Transaction/TransactionTitle.swift,
				Domain/Users/UserAuthState.swift,
				Domain/Users/UserData.swift,
				Domain/Users/UserId.swift,
				Domain/Users/Username.swift,
				Domain/Users/UserOnboardingState.swift,
				Extensions/CGFloatExtensions.swift,
				Extensions/DateExtensions.swift,
				Extensions/DoubleExtensions.swift,
				Firebase/Authentication/FirebaseAuthentication.swift,
				Firebase/Budgets/FirebaseBudgetDoc.swift,
				Firebase/Budgets/FirebaseBudgetRepository.swift,
				Firebase/BudgetUsers/FirebaseBudgetUserDoc.swift,
				Firebase/BudgetUsers/FirebaseBudgetUserRepository.swift,
				Firebase/TransactionCategories/FirebaseTransactionCategoryDoc.swift,
				Firebase/TransactionCategories/FirebaseTransactionCategoryRepository.swift,
				Firebase/Users/FirebaseUserDoc.swift,
				Firebase/Users/FirebaseUserRepository.swift,
				Scenes/Budgets/BudgetDetail/TimeFrame.swift,
				Scenes/Budgets/Domain/BudgetInfo.swift,
				Scenes/Budgets/Domain/BudgetUser.swift,
				Scenes/Budgets/EditBudget/Workers/BudgetCreator.swift,
				Scenes/Budgets/Workers/BudgetDeleter/BudgetDeleter.swift,
				Scenes/Budgets/Workers/BudgetFetcher/BudgetFetcher.swift,
				Scenes/Budgets/Workers/BudgetRenamer/BudgetRenamer.swift,
				Scenes/Budgets/Workers/BudgetUserFetcher/BudgetUserFetcher.swift,
				Scenes/EditTransaction/PartialTransaction.swift,
				Scenes/EditTransaction/TransactionPropertySuggestions.swift,
				Scenes/TransactionCategories/Domain/TransactionCategory.swift,
				Scenes/TransactionCategories/Domain/TransactionCategoryName.swift,
				Scenes/TransactionCategories/Domain/TransactionCategorySfSymbol.swift,
				Scenes/TransactionCategories/Workers/MockTransactionCategoryRepo.swift,
				Scenes/TransactionCategories/Workers/TransactionCategoryFetcher.swift,
				Scenes/TransactionCategories/Workers/TransactionCategorySaver.swift,
				Scenes/UserFeedback/Domain/UserFeedback.swift,
				Scenes/UserFeedback/SendUserFeedback/FeedbackSender.swift,
				Scenes/UserFeedback/ViewUserFeedback/UserFeedbackDetailView.swift,
				Scenes/UserFeedback/ViewUserFeedback/UserFeedbackFetcher.swift,
				Scenes/UserFeedback/ViewUserFeedback/UserFeedbackListView.swift,
				Scenes/UserFeedback/ViewUserFeedback/UserFeedbackResolver.swift,
				Scenes/UserProfile/Workers/ProfileImageUploader.swift,
				Utils/AppInfo.swift,
				Utils/Cache.swift,
				Utils/GeometryUtils.swift,
				Utils/ReviewPrompter.swift,
				Utils/TextError.swift,
				Views/Gestures/TouchWithLocation.swift,
				Workers/Admin/IsAdminChecker.swift,
				Workers/Authentication/AuthenticationProvider.swift,
				Workers/Authentication/UserAccountDeleter.swift,
				Workers/Authentication/UserSignOutService.swift,
				Workers/Budget/Budget.swift,
				Workers/Transactions/TransactionDeleter.swift,
				Workers/Transactions/TransactionFetcher.swift,
				Workers/Transactions/TransactionSaver.swift,
				Workers/Users/CurrentUserDataProvider.swift,
				Workers/Users/CurrentUserIdProvider.swift,
				Workers/Users/UserDataFetcher.swift,
				Workers/Users/UserDataProvider.swift,
				Workers/Users/UserDataSaver.swift,
				Workers/Users/UsernameAvailabilityChecker.swift,
				Workers/Users/UserOnboardingStateProvider.swift,
			);
			target = 5673DA1E2CA7FA5A007833E0 /* Bold BudgetTests */;
		};
		5673DAAF2CA8069B007833E0 /* Exceptions for "Bold Budget" folder in "Bold BudgetUITests" target */ = {
			isa = PBXFileSystemSynchronizedBuildFileExceptionSet;
			membershipExceptions = (
				Domain/Money.swift,
				Domain/SimpleDate.swift,
				Domain/Transaction/Transaction.swift,
				Domain/Transaction/TransactionLocation.swift,
				Domain/Transaction/TransactionTag.swift,
				Domain/Transaction/TransactionTitle.swift,
				Domain/Users/UserAuthState.swift,
				Domain/Users/UserData.swift,
				Domain/Users/UserId.swift,
				Domain/Users/Username.swift,
				Domain/Users/UserOnboardingState.swift,
				Extensions/CGFloatExtensions.swift,
				Extensions/DateExtensions.swift,
				Extensions/DoubleExtensions.swift,
				Scenes/Budgets/Domain/BudgetInfo.swift,
				Scenes/Budgets/Workers/BudgetFetcher/BudgetFetcher.swift,
				Scenes/TransactionCategories/Domain/TransactionCategory.swift,
				Scenes/TransactionCategories/Domain/TransactionCategoryName.swift,
				Scenes/TransactionCategories/Domain/TransactionCategorySfSymbol.swift,
				Scenes/TransactionCategories/Workers/MockTransactionCategoryRepo.swift,
				Scenes/TransactionCategories/Workers/TransactionCategoryFetcher.swift,
				Scenes/TransactionCategories/Workers/TransactionCategorySaver.swift,
				Utils/AppInfo.swift,
				Utils/Cache.swift,
				Utils/GeometryUtils.swift,
				Utils/ReviewPrompter.swift,
				Utils/TextError.swift,
				Views/Gestures/TouchWithLocation.swift,
				Workers/Authentication/AuthenticationProvider.swift,
				Workers/Transactions/TransactionFetcher.swift,
				Workers/Users/CurrentUserDataProvider.swift,
				Workers/Users/CurrentUserIdProvider.swift,
			);
			target = 5673DA282CA7FA5A007833E0 /* Bold BudgetUITests */;
		};
/* End PBXFileSystemSynchronizedBuildFileExceptionSet section */

/* Begin PBXFileSystemSynchronizedRootGroup section */
		5673DA112CA7FA58007833E0 /* Bold Budget */ = {
			isa = PBXFileSystemSynchronizedRootGroup;
			exceptions = (
				5673DAAE2CA8069B007833E0 /* Exceptions for "Bold Budget" folder in "Bold BudgetTests" target */,
				5673DAAF2CA8069B007833E0 /* Exceptions for "Bold Budget" folder in "Bold BudgetUITests" target */,
			);
			path = "Bold Budget";
			sourceTree = "<group>";
		};
		5673DA222CA7FA5A007833E0 /* Bold BudgetTests */ = {
			isa = PBXFileSystemSynchronizedRootGroup;
			path = "Bold BudgetTests";
			sourceTree = "<group>";
		};
		5673DA2C2CA7FA5A007833E0 /* Bold BudgetUITests */ = {
			isa = PBXFileSystemSynchronizedRootGroup;
			path = "Bold BudgetUITests";
			sourceTree = "<group>";
		};
/* End PBXFileSystemSynchronizedRootGroup section */

/* Begin PBXFrameworksBuildPhase section */
		5673DA0C2CA7FA58007833E0 /* Frameworks */ = {
			isa = PBXFrameworksBuildPhase;
			buildActionMask = 2147483647;
			files = (
				5690C4982CAE0F8700A389F4 /* SwiftUIFlowLayout in Frameworks */,
				569088C32CBF9B5800BFADCF /* YPImagePicker in Frameworks */,
				565082842CA8179A009D9417 /* SwinjectAutoregistration in Frameworks */,
				569088452CBA38AB00BFADCF /* FirebaseAnalytics in Frameworks */,
				569088C02CBF9A3E00BFADCF /* MarkdownUI in Frameworks */,
				563E1A352D0D6F87003DED56 /* GoogleMobileAds in Frameworks */,
				569088492CBA38AB00BFADCF /* FirebaseFirestore in Frameworks */,
				569088832CBBC70000BFADCF /* Kingfisher in Frameworks */,
				5690884D2CBA3B3000BFADCF /* FirebaseCore in Frameworks */,
				569088472CBA38AB00BFADCF /* FirebaseAuth in Frameworks */,
				5690884B2CBA38AB00BFADCF /* FirebaseStorage in Frameworks */,
			);
			runOnlyForDeploymentPostprocessing = 0;
		};
		5673DA1C2CA7FA5A007833E0 /* Frameworks */ = {
			isa = PBXFrameworksBuildPhase;
			buildActionMask = 2147483647;
			files = (
			);
			runOnlyForDeploymentPostprocessing = 0;
		};
		5673DA262CA7FA5A007833E0 /* Frameworks */ = {
			isa = PBXFrameworksBuildPhase;
			buildActionMask = 2147483647;
			files = (
			);
			runOnlyForDeploymentPostprocessing = 0;
		};
/* End PBXFrameworksBuildPhase section */

/* Begin PBXGroup section */
		5673DA062CA7FA58007833E0 = {
			isa = PBXGroup;
			children = (
				5690C6F62CB3C83000A389F4 /* Comprehensive.xctestplan */,
				5690C6F42CB3C60200A389F4 /* Screenshots.xctestplan */,
				5673DA112CA7FA58007833E0 /* Bold Budget */,
				5673DA222CA7FA5A007833E0 /* Bold BudgetTests */,
				5673DA2C2CA7FA5A007833E0 /* Bold BudgetUITests */,
				5690C4B22CAE846900A389F4 /* Frameworks */,
				5673DA102CA7FA58007833E0 /* Products */,
			);
			sourceTree = "<group>";
		};
		5673DA102CA7FA58007833E0 /* Products */ = {
			isa = PBXGroup;
			children = (
				5673DA0F2CA7FA58007833E0 /* Bold Budget.app */,
				5673DA1F2CA7FA5A007833E0 /* Bold BudgetTests.xctest */,
				5673DA292CA7FA5A007833E0 /* Bold BudgetUITests.xctest */,
			);
			name = Products;
			sourceTree = "<group>";
		};
		5690C4B22CAE846900A389F4 /* Frameworks */ = {
			isa = PBXGroup;
			children = (
			);
			name = Frameworks;
			sourceTree = "<group>";
		};
/* End PBXGroup section */

/* Begin PBXNativeTarget section */
		5673DA0E2CA7FA58007833E0 /* Bold Budget */ = {
			isa = PBXNativeTarget;
			buildConfigurationList = 5673DA332CA7FA5A007833E0 /* Build configuration list for PBXNativeTarget "Bold Budget" */;
			buildPhases = (
				5673DA0B2CA7FA58007833E0 /* Sources */,
				5673DA0C2CA7FA58007833E0 /* Frameworks */,
				5673DA0D2CA7FA58007833E0 /* Resources */,
			);
			buildRules = (
			);
			dependencies = (
			);
			fileSystemSynchronizedGroups = (
				5673DA112CA7FA58007833E0 /* Bold Budget */,
			);
			name = "Bold Budget";
			packageProductDependencies = (
				565082832CA8179A009D9417 /* SwinjectAutoregistration */,
				5690C4972CAE0F8700A389F4 /* SwiftUIFlowLayout */,
				569088442CBA38AB00BFADCF /* FirebaseAnalytics */,
				569088462CBA38AB00BFADCF /* FirebaseAuth */,
				569088482CBA38AB00BFADCF /* FirebaseFirestore */,
				5690884A2CBA38AB00BFADCF /* FirebaseStorage */,
				5690884C2CBA3B3000BFADCF /* FirebaseCore */,
				569088822CBBC70000BFADCF /* Kingfisher */,
				569088BF2CBF9A3E00BFADCF /* MarkdownUI */,
				569088C22CBF9B5800BFADCF /* YPImagePicker */,
				563E1A342D0D6F87003DED56 /* GoogleMobileAds */,
			);
			productName = "Bold Budget";
			productReference = 5673DA0F2CA7FA58007833E0 /* Bold Budget.app */;
			productType = "com.apple.product-type.application";
		};
		5673DA1E2CA7FA5A007833E0 /* Bold BudgetTests */ = {
			isa = PBXNativeTarget;
			buildConfigurationList = 5673DA362CA7FA5A007833E0 /* Build configuration list for PBXNativeTarget "Bold BudgetTests" */;
			buildPhases = (
				5673DA1B2CA7FA5A007833E0 /* Sources */,
				5673DA1C2CA7FA5A007833E0 /* Frameworks */,
				5673DA1D2CA7FA5A007833E0 /* Resources */,
			);
			buildRules = (
			);
			dependencies = (
				5673DA212CA7FA5A007833E0 /* PBXTargetDependency */,
			);
			fileSystemSynchronizedGroups = (
				5673DA222CA7FA5A007833E0 /* Bold BudgetTests */,
			);
			name = "Bold BudgetTests";
			packageProductDependencies = (
			);
			productName = "Bold BudgetTests";
			productReference = 5673DA1F2CA7FA5A007833E0 /* Bold BudgetTests.xctest */;
			productType = "com.apple.product-type.bundle.unit-test";
		};
		5673DA282CA7FA5A007833E0 /* Bold BudgetUITests */ = {
			isa = PBXNativeTarget;
			buildConfigurationList = 5673DA392CA7FA5A007833E0 /* Build configuration list for PBXNativeTarget "Bold BudgetUITests" */;
			buildPhases = (
				5673DA252CA7FA5A007833E0 /* Sources */,
				5673DA262CA7FA5A007833E0 /* Frameworks */,
				5673DA272CA7FA5A007833E0 /* Resources */,
			);
			buildRules = (
			);
			dependencies = (
				5673DA2B2CA7FA5A007833E0 /* PBXTargetDependency */,
			);
			fileSystemSynchronizedGroups = (
				5673DA2C2CA7FA5A007833E0 /* Bold BudgetUITests */,
			);
			name = "Bold BudgetUITests";
			packageProductDependencies = (
			);
			productName = "Bold BudgetUITests";
			productReference = 5673DA292CA7FA5A007833E0 /* Bold BudgetUITests.xctest */;
			productType = "com.apple.product-type.bundle.ui-testing";
		};
/* End PBXNativeTarget section */

/* Begin PBXProject section */
		5673DA072CA7FA58007833E0 /* Project object */ = {
			isa = PBXProject;
			attributes = {
				BuildIndependentTargetsInParallel = 1;
				LastSwiftUpdateCheck = 1600;
				LastUpgradeCheck = 1600;
				TargetAttributes = {
					5673DA0E2CA7FA58007833E0 = {
						CreatedOnToolsVersion = 16.0;
					};
					5673DA1E2CA7FA5A007833E0 = {
						CreatedOnToolsVersion = 16.0;
						TestTargetID = 5673DA0E2CA7FA58007833E0;
					};
					5673DA282CA7FA5A007833E0 = {
						CreatedOnToolsVersion = 16.0;
						TestTargetID = 5673DA0E2CA7FA58007833E0;
					};
				};
			};
			buildConfigurationList = 5673DA0A2CA7FA58007833E0 /* Build configuration list for PBXProject "Bold Budget" */;
			developmentRegion = en;
			hasScannedForEncodings = 0;
			knownRegions = (
				en,
				Base,
			);
			mainGroup = 5673DA062CA7FA58007833E0;
			minimizedProjectReferenceProxies = 1;
			packageReferences = (
				565082822CA8179A009D9417 /* XCRemoteSwiftPackageReference "SwinjectAutoregistration" */,
				5690C4962CAE0F8700A389F4 /* XCRemoteSwiftPackageReference "swiftui-flow-layout" */,
				569088432CBA38AB00BFADCF /* XCRemoteSwiftPackageReference "firebase-ios-sdk" */,
				569088812CBBC70000BFADCF /* XCRemoteSwiftPackageReference "Kingfisher" */,
				569088BE2CBF9A3E00BFADCF /* XCRemoteSwiftPackageReference "swift-markdown-ui" */,
				569088C12CBF9B5800BFADCF /* XCRemoteSwiftPackageReference "YPImagePicker" */,
				563E1A332D0D6F87003DED56 /* XCRemoteSwiftPackageReference "swift-package-manager-google-mobile-ads" */,
			);
			preferredProjectObjectVersion = 77;
			productRefGroup = 5673DA102CA7FA58007833E0 /* Products */;
			projectDirPath = "";
			projectRoot = "";
			targets = (
				5673DA0E2CA7FA58007833E0 /* Bold Budget */,
				5673DA1E2CA7FA5A007833E0 /* Bold BudgetTests */,
				5673DA282CA7FA5A007833E0 /* Bold BudgetUITests */,
			);
		};
/* End PBXProject section */

/* Begin PBXResourcesBuildPhase section */
		5673DA0D2CA7FA58007833E0 /* Resources */ = {
			isa = PBXResourcesBuildPhase;
			buildActionMask = 2147483647;
			files = (
				5690C6F72CB3C83000A389F4 /* Comprehensive.xctestplan in Resources */,
				5690C6F52CB3C60200A389F4 /* Screenshots.xctestplan in Resources */,
			);
			runOnlyForDeploymentPostprocessing = 0;
		};
		5673DA1D2CA7FA5A007833E0 /* Resources */ = {
			isa = PBXResourcesBuildPhase;
			buildActionMask = 2147483647;
			files = (
			);
			runOnlyForDeploymentPostprocessing = 0;
		};
		5673DA272CA7FA5A007833E0 /* Resources */ = {
			isa = PBXResourcesBuildPhase;
			buildActionMask = 2147483647;
			files = (
			);
			runOnlyForDeploymentPostprocessing = 0;
		};
/* End PBXResourcesBuildPhase section */

/* Begin PBXSourcesBuildPhase section */
		5673DA0B2CA7FA58007833E0 /* Sources */ = {
			isa = PBXSourcesBuildPhase;
			buildActionMask = 2147483647;
			files = (
			);
			runOnlyForDeploymentPostprocessing = 0;
		};
		5673DA1B2CA7FA5A007833E0 /* Sources */ = {
			isa = PBXSourcesBuildPhase;
			buildActionMask = 2147483647;
			files = (
			);
			runOnlyForDeploymentPostprocessing = 0;
		};
		5673DA252CA7FA5A007833E0 /* Sources */ = {
			isa = PBXSourcesBuildPhase;
			buildActionMask = 2147483647;
			files = (
			);
			runOnlyForDeploymentPostprocessing = 0;
		};
/* End PBXSourcesBuildPhase section */

/* Begin PBXTargetDependency section */
		5673DA212CA7FA5A007833E0 /* PBXTargetDependency */ = {
			isa = PBXTargetDependency;
			target = 5673DA0E2CA7FA58007833E0 /* Bold Budget */;
			targetProxy = 5673DA202CA7FA5A007833E0 /* PBXContainerItemProxy */;
		};
		5673DA2B2CA7FA5A007833E0 /* PBXTargetDependency */ = {
			isa = PBXTargetDependency;
			target = 5673DA0E2CA7FA58007833E0 /* Bold Budget */;
			targetProxy = 5673DA2A2CA7FA5A007833E0 /* PBXContainerItemProxy */;
		};
/* End PBXTargetDependency section */

/* Begin XCBuildConfiguration section */
		5673DA312CA7FA5A007833E0 /* Debug */ = {
			isa = XCBuildConfiguration;
			buildSettings = {
				ALWAYS_SEARCH_USER_PATHS = NO;
				ASSETCATALOG_COMPILER_GENERATE_SWIFT_ASSET_SYMBOL_EXTENSIONS = YES;
				CLANG_ANALYZER_NONNULL = YES;
				CLANG_ANALYZER_NUMBER_OBJECT_CONVERSION = YES_AGGRESSIVE;
				CLANG_CXX_LANGUAGE_STANDARD = "gnu++20";
				CLANG_ENABLE_MODULES = YES;
				CLANG_ENABLE_OBJC_ARC = YES;
				CLANG_ENABLE_OBJC_WEAK = YES;
				CLANG_WARN_BLOCK_CAPTURE_AUTORELEASING = YES;
				CLANG_WARN_BOOL_CONVERSION = YES;
				CLANG_WARN_COMMA = YES;
				CLANG_WARN_CONSTANT_CONVERSION = YES;
				CLANG_WARN_DEPRECATED_OBJC_IMPLEMENTATIONS = YES;
				CLANG_WARN_DIRECT_OBJC_ISA_USAGE = YES_ERROR;
				CLANG_WARN_DOCUMENTATION_COMMENTS = YES;
				CLANG_WARN_EMPTY_BODY = YES;
				CLANG_WARN_ENUM_CONVERSION = YES;
				CLANG_WARN_INFINITE_RECURSION = YES;
				CLANG_WARN_INT_CONVERSION = YES;
				CLANG_WARN_NON_LITERAL_NULL_CONVERSION = YES;
				CLANG_WARN_OBJC_IMPLICIT_RETAIN_SELF = YES;
				CLANG_WARN_OBJC_LITERAL_CONVERSION = YES;
				CLANG_WARN_OBJC_ROOT_CLASS = YES_ERROR;
				CLANG_WARN_QUOTED_INCLUDE_IN_FRAMEWORK_HEADER = YES;
				CLANG_WARN_RANGE_LOOP_ANALYSIS = YES;
				CLANG_WARN_STRICT_PROTOTYPES = YES;
				CLANG_WARN_SUSPICIOUS_MOVE = YES;
				CLANG_WARN_UNGUARDED_AVAILABILITY = YES_AGGRESSIVE;
				CLANG_WARN_UNREACHABLE_CODE = YES;
				CLANG_WARN__DUPLICATE_METHOD_MATCH = YES;
				COPY_PHASE_STRIP = NO;
				DEBUG_INFORMATION_FORMAT = dwarf;
				ENABLE_STRICT_OBJC_MSGSEND = YES;
				ENABLE_TESTABILITY = YES;
				ENABLE_USER_SCRIPT_SANDBOXING = YES;
				GCC_C_LANGUAGE_STANDARD = gnu17;
				GCC_DYNAMIC_NO_PIC = NO;
				GCC_NO_COMMON_BLOCKS = YES;
				GCC_OPTIMIZATION_LEVEL = 0;
				GCC_PREPROCESSOR_DEFINITIONS = (
					"DEBUG=1",
					"$(inherited)",
				);
				GCC_WARN_64_TO_32_BIT_CONVERSION = YES;
				GCC_WARN_ABOUT_RETURN_TYPE = YES_ERROR;
				GCC_WARN_UNDECLARED_SELECTOR = YES;
				GCC_WARN_UNINITIALIZED_AUTOS = YES_AGGRESSIVE;
				GCC_WARN_UNUSED_FUNCTION = YES;
				GCC_WARN_UNUSED_VARIABLE = YES;
				IPHONEOS_DEPLOYMENT_TARGET = 18.0;
				LOCALIZATION_PREFERS_STRING_CATALOGS = YES;
				MTL_ENABLE_DEBUG_INFO = INCLUDE_SOURCE;
				MTL_FAST_MATH = YES;
				ONLY_ACTIVE_ARCH = YES;
				SDKROOT = iphoneos;
				SWIFT_ACTIVE_COMPILATION_CONDITIONS = "DEBUG $(inherited)";
				SWIFT_EMIT_LOC_STRINGS = YES;
				SWIFT_OPTIMIZATION_LEVEL = "-Onone";
			};
			name = Debug;
		};
		5673DA322CA7FA5A007833E0 /* Release */ = {
			isa = XCBuildConfiguration;
			buildSettings = {
				ALWAYS_SEARCH_USER_PATHS = NO;
				ASSETCATALOG_COMPILER_GENERATE_SWIFT_ASSET_SYMBOL_EXTENSIONS = YES;
				CLANG_ANALYZER_NONNULL = YES;
				CLANG_ANALYZER_NUMBER_OBJECT_CONVERSION = YES_AGGRESSIVE;
				CLANG_CXX_LANGUAGE_STANDARD = "gnu++20";
				CLANG_ENABLE_MODULES = YES;
				CLANG_ENABLE_OBJC_ARC = YES;
				CLANG_ENABLE_OBJC_WEAK = YES;
				CLANG_WARN_BLOCK_CAPTURE_AUTORELEASING = YES;
				CLANG_WARN_BOOL_CONVERSION = YES;
				CLANG_WARN_COMMA = YES;
				CLANG_WARN_CONSTANT_CONVERSION = YES;
				CLANG_WARN_DEPRECATED_OBJC_IMPLEMENTATIONS = YES;
				CLANG_WARN_DIRECT_OBJC_ISA_USAGE = YES_ERROR;
				CLANG_WARN_DOCUMENTATION_COMMENTS = YES;
				CLANG_WARN_EMPTY_BODY = YES;
				CLANG_WARN_ENUM_CONVERSION = YES;
				CLANG_WARN_INFINITE_RECURSION = YES;
				CLANG_WARN_INT_CONVERSION = YES;
				CLANG_WARN_NON_LITERAL_NULL_CONVERSION = YES;
				CLANG_WARN_OBJC_IMPLICIT_RETAIN_SELF = YES;
				CLANG_WARN_OBJC_LITERAL_CONVERSION = YES;
				CLANG_WARN_OBJC_ROOT_CLASS = YES_ERROR;
				CLANG_WARN_QUOTED_INCLUDE_IN_FRAMEWORK_HEADER = YES;
				CLANG_WARN_RANGE_LOOP_ANALYSIS = YES;
				CLANG_WARN_STRICT_PROTOTYPES = YES;
				CLANG_WARN_SUSPICIOUS_MOVE = YES;
				CLANG_WARN_UNGUARDED_AVAILABILITY = YES_AGGRESSIVE;
				CLANG_WARN_UNREACHABLE_CODE = YES;
				CLANG_WARN__DUPLICATE_METHOD_MATCH = YES;
				COPY_PHASE_STRIP = NO;
				DEBUG_INFORMATION_FORMAT = "dwarf-with-dsym";
				ENABLE_NS_ASSERTIONS = NO;
				ENABLE_STRICT_OBJC_MSGSEND = YES;
				ENABLE_USER_SCRIPT_SANDBOXING = YES;
				GCC_C_LANGUAGE_STANDARD = gnu17;
				GCC_NO_COMMON_BLOCKS = YES;
				GCC_WARN_64_TO_32_BIT_CONVERSION = YES;
				GCC_WARN_ABOUT_RETURN_TYPE = YES_ERROR;
				GCC_WARN_UNDECLARED_SELECTOR = YES;
				GCC_WARN_UNINITIALIZED_AUTOS = YES_AGGRESSIVE;
				GCC_WARN_UNUSED_FUNCTION = YES;
				GCC_WARN_UNUSED_VARIABLE = YES;
				IPHONEOS_DEPLOYMENT_TARGET = 18.0;
				LOCALIZATION_PREFERS_STRING_CATALOGS = YES;
				MTL_ENABLE_DEBUG_INFO = NO;
				MTL_FAST_MATH = YES;
				SDKROOT = iphoneos;
				SWIFT_COMPILATION_MODE = wholemodule;
				SWIFT_EMIT_LOC_STRINGS = YES;
				VALIDATE_PRODUCT = YES;
			};
			name = Release;
		};
		5673DA342CA7FA5A007833E0 /* Debug */ = {
			isa = XCBuildConfiguration;
			buildSettings = {
				ASSETCATALOG_COMPILER_APPICON_NAME = AppIcon;
				ASSETCATALOG_COMPILER_GLOBAL_ACCENT_COLOR_NAME = AccentColor;
				CODE_SIGN_ENTITLEMENTS = "Bold Budget/Bold Budget.entitlements";
				CODE_SIGN_STYLE = Automatic;
				CURRENT_PROJECT_VERSION = 1;
				DEVELOPMENT_ASSET_PATHS = "\"Bold Budget/Preview Content\"";
				DEVELOPMENT_TEAM = QTXW6735S3;
				ENABLE_PREVIEWS = YES;
				GENERATE_INFOPLIST_FILE = YES;
				INFOPLIST_FILE = "Bold-Budget-Info.plist";
				INFOPLIST_KEY_LSApplicationCategoryType = "public.app-category.finance";
				INFOPLIST_KEY_NSCameraUsageDescription = "Used for capturing a profile pic";
				INFOPLIST_KEY_NSPhotoLibraryUsageDescription = "Used for selecting a profile pic";
				INFOPLIST_KEY_UIApplicationSceneManifest_Generation = YES;
				INFOPLIST_KEY_UIApplicationSupportsIndirectInputEvents = YES;
				INFOPLIST_KEY_UILaunchScreen_Generation = YES;
				INFOPLIST_KEY_UISupportedInterfaceOrientations = UIInterfaceOrientationPortrait;
				INFOPLIST_KEY_UISupportedInterfaceOrientations_iPad = "UIInterfaceOrientationLandscapeLeft UIInterfaceOrientationLandscapeRight UIInterfaceOrientationPortrait UIInterfaceOrientationPortraitUpsideDown";
				IPHONEOS_DEPLOYMENT_TARGET = 17.0;
				LD_RUNPATH_SEARCH_PATHS = (
					"$(inherited)",
					"@executable_path/Frameworks",
				);
				MARKETING_VERSION = 1.5;
				PRODUCT_BUNDLE_IDENTIFIER = com.jasonsapps.boldbudget;
				PRODUCT_NAME = "$(TARGET_NAME)";
				SUPPORTED_PLATFORMS = "iphoneos iphonesimulator";
				SUPPORTS_MACCATALYST = NO;
				SUPPORTS_MAC_DESIGNED_FOR_IPHONE_IPAD = NO;
				SUPPORTS_XR_DESIGNED_FOR_IPHONE_IPAD = NO;
				SWIFT_EMIT_LOC_STRINGS = YES;
				SWIFT_VERSION = 5.0;
				TARGETED_DEVICE_FAMILY = 1;
			};
			name = Debug;
		};
		5673DA352CA7FA5A007833E0 /* Release */ = {
			isa = XCBuildConfiguration;
			buildSettings = {
				ASSETCATALOG_COMPILER_APPICON_NAME = AppIcon;
				ASSETCATALOG_COMPILER_GLOBAL_ACCENT_COLOR_NAME = AccentColor;
				CODE_SIGN_ENTITLEMENTS = "Bold Budget/Bold Budget.entitlements";
				CODE_SIGN_STYLE = Automatic;
				CURRENT_PROJECT_VERSION = 1;
				DEVELOPMENT_ASSET_PATHS = "\"Bold Budget/Preview Content\"";
				DEVELOPMENT_TEAM = QTXW6735S3;
				ENABLE_PREVIEWS = YES;
				GENERATE_INFOPLIST_FILE = YES;
				INFOPLIST_FILE = "Bold-Budget-Info.plist";
				INFOPLIST_KEY_LSApplicationCategoryType = "public.app-category.finance";
				INFOPLIST_KEY_NSCameraUsageDescription = "Used for capturing a profile pic";
				INFOPLIST_KEY_NSPhotoLibraryUsageDescription = "Used for selecting a profile pic";
				INFOPLIST_KEY_UIApplicationSceneManifest_Generation = YES;
				INFOPLIST_KEY_UIApplicationSupportsIndirectInputEvents = YES;
				INFOPLIST_KEY_UILaunchScreen_Generation = YES;
				INFOPLIST_KEY_UISupportedInterfaceOrientations = UIInterfaceOrientationPortrait;
				INFOPLIST_KEY_UISupportedInterfaceOrientations_iPad = "UIInterfaceOrientationLandscapeLeft UIInterfaceOrientationLandscapeRight UIInterfaceOrientationPortrait UIInterfaceOrientationPortraitUpsideDown";
				IPHONEOS_DEPLOYMENT_TARGET = 17.0;
				LD_RUNPATH_SEARCH_PATHS = (
					"$(inherited)",
					"@executable_path/Frameworks",
				);
				MARKETING_VERSION = 1.5;
				PRODUCT_BUNDLE_IDENTIFIER = com.jasonsapps.boldbudget;
				PRODUCT_NAME = "$(TARGET_NAME)";
				SUPPORTED_PLATFORMS = "iphoneos iphonesimulator";
				SUPPORTS_MACCATALYST = NO;
				SUPPORTS_MAC_DESIGNED_FOR_IPHONE_IPAD = NO;
				SUPPORTS_XR_DESIGNED_FOR_IPHONE_IPAD = NO;
				SWIFT_EMIT_LOC_STRINGS = YES;
				SWIFT_VERSION = 5.0;
				TARGETED_DEVICE_FAMILY = 1;
			};
			name = Release;
		};
		5673DA372CA7FA5A007833E0 /* Debug */ = {
			isa = XCBuildConfiguration;
			buildSettings = {
				BUNDLE_LOADER = "$(TEST_HOST)";
				CODE_SIGN_STYLE = Automatic;
				CURRENT_PROJECT_VERSION = 1;
				DEVELOPMENT_TEAM = QTXW6735S3;
				GENERATE_INFOPLIST_FILE = YES;
				IPHONEOS_DEPLOYMENT_TARGET = 17.0;
				MARKETING_VERSION = 1.0;
				PRODUCT_BUNDLE_IDENTIFIER = "com.jasonsapps.boldbudget.Bold-BudgetTests";
				PRODUCT_NAME = "$(TARGET_NAME)";
				SUPPORTED_PLATFORMS = "iphoneos iphonesimulator";
				SUPPORTS_MACCATALYST = NO;
				SUPPORTS_MAC_DESIGNED_FOR_IPHONE_IPAD = NO;
				SUPPORTS_XR_DESIGNED_FOR_IPHONE_IPAD = NO;
				SWIFT_EMIT_LOC_STRINGS = NO;
				SWIFT_VERSION = 5.0;
				TARGETED_DEVICE_FAMILY = 1;
				TEST_HOST = "$(BUILT_PRODUCTS_DIR)/Bold Budget.app/$(BUNDLE_EXECUTABLE_FOLDER_PATH)/Bold Budget";
			};
			name = Debug;
		};
		5673DA382CA7FA5A007833E0 /* Release */ = {
			isa = XCBuildConfiguration;
			buildSettings = {
				BUNDLE_LOADER = "$(TEST_HOST)";
				CODE_SIGN_STYLE = Automatic;
				CURRENT_PROJECT_VERSION = 1;
				DEVELOPMENT_TEAM = QTXW6735S3;
				GENERATE_INFOPLIST_FILE = YES;
				IPHONEOS_DEPLOYMENT_TARGET = 17.0;
				MARKETING_VERSION = 1.0;
				PRODUCT_BUNDLE_IDENTIFIER = "com.jasonsapps.boldbudget.Bold-BudgetTests";
				PRODUCT_NAME = "$(TARGET_NAME)";
				SUPPORTED_PLATFORMS = "iphoneos iphonesimulator";
				SUPPORTS_MACCATALYST = NO;
				SUPPORTS_MAC_DESIGNED_FOR_IPHONE_IPAD = NO;
				SUPPORTS_XR_DESIGNED_FOR_IPHONE_IPAD = NO;
				SWIFT_EMIT_LOC_STRINGS = NO;
				SWIFT_VERSION = 5.0;
				TARGETED_DEVICE_FAMILY = 1;
				TEST_HOST = "$(BUILT_PRODUCTS_DIR)/Bold Budget.app/$(BUNDLE_EXECUTABLE_FOLDER_PATH)/Bold Budget";
			};
			name = Release;
		};
		5673DA3A2CA7FA5A007833E0 /* Debug */ = {
			isa = XCBuildConfiguration;
			buildSettings = {
				CODE_SIGN_STYLE = Automatic;
				CURRENT_PROJECT_VERSION = 1;
				DEVELOPMENT_TEAM = QTXW6735S3;
				GENERATE_INFOPLIST_FILE = YES;
				IPHONEOS_DEPLOYMENT_TARGET = 17.0;
				MARKETING_VERSION = 1.0;
				PRODUCT_BUNDLE_IDENTIFIER = "com.jasonsapps.boldbudget.Bold-BudgetUITests";
				PRODUCT_NAME = "$(TARGET_NAME)";
				SUPPORTED_PLATFORMS = "iphoneos iphonesimulator";
				SUPPORTS_MACCATALYST = NO;
				SUPPORTS_MAC_DESIGNED_FOR_IPHONE_IPAD = NO;
				SUPPORTS_XR_DESIGNED_FOR_IPHONE_IPAD = NO;
				SWIFT_EMIT_LOC_STRINGS = NO;
				SWIFT_VERSION = 5.0;
				TARGETED_DEVICE_FAMILY = 1;
				TEST_TARGET_NAME = "Bold Budget";
			};
			name = Debug;
		};
		5673DA3B2CA7FA5A007833E0 /* Release */ = {
			isa = XCBuildConfiguration;
			buildSettings = {
				CODE_SIGN_STYLE = Automatic;
				CURRENT_PROJECT_VERSION = 1;
				DEVELOPMENT_TEAM = QTXW6735S3;
				GENERATE_INFOPLIST_FILE = YES;
				IPHONEOS_DEPLOYMENT_TARGET = 17.0;
				MARKETING_VERSION = 1.0;
				PRODUCT_BUNDLE_IDENTIFIER = "com.jasonsapps.boldbudget.Bold-BudgetUITests";
				PRODUCT_NAME = "$(TARGET_NAME)";
				SUPPORTED_PLATFORMS = "iphoneos iphonesimulator";
				SUPPORTS_MACCATALYST = NO;
				SUPPORTS_MAC_DESIGNED_FOR_IPHONE_IPAD = NO;
				SUPPORTS_XR_DESIGNED_FOR_IPHONE_IPAD = NO;
				SWIFT_EMIT_LOC_STRINGS = NO;
				SWIFT_VERSION = 5.0;
				TARGETED_DEVICE_FAMILY = 1;
				TEST_TARGET_NAME = "Bold Budget";
			};
			name = Release;
		};
/* End XCBuildConfiguration section */

/* Begin XCConfigurationList section */
		5673DA0A2CA7FA58007833E0 /* Build configuration list for PBXProject "Bold Budget" */ = {
			isa = XCConfigurationList;
			buildConfigurations = (
				5673DA312CA7FA5A007833E0 /* Debug */,
				5673DA322CA7FA5A007833E0 /* Release */,
			);
			defaultConfigurationIsVisible = 0;
			defaultConfigurationName = Release;
		};
		5673DA332CA7FA5A007833E0 /* Build configuration list for PBXNativeTarget "Bold Budget" */ = {
			isa = XCConfigurationList;
			buildConfigurations = (
				5673DA342CA7FA5A007833E0 /* Debug */,
				5673DA352CA7FA5A007833E0 /* Release */,
			);
			defaultConfigurationIsVisible = 0;
			defaultConfigurationName = Release;
		};
		5673DA362CA7FA5A007833E0 /* Build configuration list for PBXNativeTarget "Bold BudgetTests" */ = {
			isa = XCConfigurationList;
			buildConfigurations = (
				5673DA372CA7FA5A007833E0 /* Debug */,
				5673DA382CA7FA5A007833E0 /* Release */,
			);
			defaultConfigurationIsVisible = 0;
			defaultConfigurationName = Release;
		};
		5673DA392CA7FA5A007833E0 /* Build configuration list for PBXNativeTarget "Bold BudgetUITests" */ = {
			isa = XCConfigurationList;
			buildConfigurations = (
				5673DA3A2CA7FA5A007833E0 /* Debug */,
				5673DA3B2CA7FA5A007833E0 /* Release */,
			);
			defaultConfigurationIsVisible = 0;
			defaultConfigurationName = Release;
		};
/* End XCConfigurationList section */

/* Begin XCRemoteSwiftPackageReference section */
		563E1A332D0D6F87003DED56 /* XCRemoteSwiftPackageReference "swift-package-manager-google-mobile-ads" */ = {
			isa = XCRemoteSwiftPackageReference;
			repositoryURL = "https://github.com/googleads/swift-package-manager-google-mobile-ads.git";
			requirement = {
				kind = upToNextMajorVersion;
				minimumVersion = 11.13.0;
			};
		};
		565082822CA8179A009D9417 /* XCRemoteSwiftPackageReference "SwinjectAutoregistration" */ = {
			isa = XCRemoteSwiftPackageReference;
			repositoryURL = "https://github.com/Swinject/SwinjectAutoregistration.git";
			requirement = {
				kind = upToNextMajorVersion;
				minimumVersion = 2.9.1;
			};
		};
		569088432CBA38AB00BFADCF /* XCRemoteSwiftPackageReference "firebase-ios-sdk" */ = {
			isa = XCRemoteSwiftPackageReference;
			repositoryURL = "https://github.com/firebase/firebase-ios-sdk.git";
			requirement = {
				kind = upToNextMajorVersion;
				minimumVersion = 11.3.0;
			};
		};
		569088812CBBC70000BFADCF /* XCRemoteSwiftPackageReference "Kingfisher" */ = {
			isa = XCRemoteSwiftPackageReference;
			repositoryURL = "https://github.com/onevcat/Kingfisher.git";
			requirement = {
				kind = upToNextMajorVersion;
				minimumVersion = 8.0.3;
			};
		};
		569088BE2CBF9A3E00BFADCF /* XCRemoteSwiftPackageReference "swift-markdown-ui" */ = {
			isa = XCRemoteSwiftPackageReference;
			repositoryURL = "https://github.com/gonzalezreal/swift-markdown-ui";
			requirement = {
				kind = upToNextMajorVersion;
				minimumVersion = 2.4.1;
			};
		};
		569088C12CBF9B5800BFADCF /* XCRemoteSwiftPackageReference "YPImagePicker" */ = {
			isa = XCRemoteSwiftPackageReference;
			repositoryURL = "https://github.com/LawrenceNorman/YPImagePicker.git";
			requirement = {
				branch = master;
				kind = branch;
			};
		};
		5690C4962CAE0F8700A389F4 /* XCRemoteSwiftPackageReference "swiftui-flow-layout" */ = {
			isa = XCRemoteSwiftPackageReference;
			repositoryURL = "https://github.com/globulus/swiftui-flow-layout.git";
			requirement = {
				kind = upToNextMajorVersion;
				minimumVersion = 1.0.5;
			};
		};
/* End XCRemoteSwiftPackageReference section */

/* Begin XCSwiftPackageProductDependency section */
		563E1A342D0D6F87003DED56 /* GoogleMobileAds */ = {
			isa = XCSwiftPackageProductDependency;
			package = 563E1A332D0D6F87003DED56 /* XCRemoteSwiftPackageReference "swift-package-manager-google-mobile-ads" */;
			productName = GoogleMobileAds;
		};
		565082832CA8179A009D9417 /* SwinjectAutoregistration */ = {
			isa = XCSwiftPackageProductDependency;
			package = 565082822CA8179A009D9417 /* XCRemoteSwiftPackageReference "SwinjectAutoregistration" */;
			productName = SwinjectAutoregistration;
		};
		569088442CBA38AB00BFADCF /* FirebaseAnalytics */ = {
			isa = XCSwiftPackageProductDependency;
			package = 569088432CBA38AB00BFADCF /* XCRemoteSwiftPackageReference "firebase-ios-sdk" */;
			productName = FirebaseAnalytics;
		};
		569088462CBA38AB00BFADCF /* FirebaseAuth */ = {
			isa = XCSwiftPackageProductDependency;
			package = 569088432CBA38AB00BFADCF /* XCRemoteSwiftPackageReference "firebase-ios-sdk" */;
			productName = FirebaseAuth;
		};
		569088482CBA38AB00BFADCF /* FirebaseFirestore */ = {
			isa = XCSwiftPackageProductDependency;
			package = 569088432CBA38AB00BFADCF /* XCRemoteSwiftPackageReference "firebase-ios-sdk" */;
			productName = FirebaseFirestore;
		};
		5690884A2CBA38AB00BFADCF /* FirebaseStorage */ = {
			isa = XCSwiftPackageProductDependency;
			package = 569088432CBA38AB00BFADCF /* XCRemoteSwiftPackageReference "firebase-ios-sdk" */;
			productName = FirebaseStorage;
		};
		5690884C2CBA3B3000BFADCF /* FirebaseCore */ = {
			isa = XCSwiftPackageProductDependency;
			package = 569088432CBA38AB00BFADCF /* XCRemoteSwiftPackageReference "firebase-ios-sdk" */;
			productName = FirebaseCore;
		};
		569088822CBBC70000BFADCF /* Kingfisher */ = {
			isa = XCSwiftPackageProductDependency;
			package = 569088812CBBC70000BFADCF /* XCRemoteSwiftPackageReference "Kingfisher" */;
			productName = Kingfisher;
		};
		569088BF2CBF9A3E00BFADCF /* MarkdownUI */ = {
			isa = XCSwiftPackageProductDependency;
			package = 569088BE2CBF9A3E00BFADCF /* XCRemoteSwiftPackageReference "swift-markdown-ui" */;
			productName = MarkdownUI;
		};
		569088C22CBF9B5800BFADCF /* YPImagePicker */ = {
			isa = XCSwiftPackageProductDependency;
			package = 569088C12CBF9B5800BFADCF /* XCRemoteSwiftPackageReference "YPImagePicker" */;
			productName = YPImagePicker;
		};
		5690C4972CAE0F8700A389F4 /* SwiftUIFlowLayout */ = {
			isa = XCSwiftPackageProductDependency;
			package = 5690C4962CAE0F8700A389F4 /* XCRemoteSwiftPackageReference "swiftui-flow-layout" */;
			productName = SwiftUIFlowLayout;
		};
/* End XCSwiftPackageProductDependency section */
	};
	rootObject = 5673DA072CA7FA58007833E0 /* Project object */;
}
